
Microsoft Visual Studio Solution File, Format Version 12.00
# Visual Studio Version 16
VisualStudioVersion = 16.0.31402.337
MinimumVisualStudioVersion = 10.0.40219.1
Project("{FAE04EC0-301F-11D3-BF4B-00C04F79EFBC}") = "Itok.Raft.Core", "Itok.Raft.Core\Itok.Raft.Core.csproj", "{744C6DDC-9004-4FAC-8427-DF6CE7C189C9}"
EndProject
Global
	GlobalSection(SolutionConfigurationPlatforms) = preSolution
		Debug|Any CPU = Debug|Any CPU
		Release|Any CPU = Release|Any CPU
	EndGlobalSection
	GlobalSection(ProjectConfigurationPlatforms) = postSolution
		{744C6DDC-9004-4FAC-8427-DF6CE7C189C9}.Debug|Any CPU.ActiveCfg = Debug|Any CPU
		{744C6DDC-9004-4FAC-8427-DF6CE7C189C9}.Debug|Any CPU.Build.0 = Debug|Any CPU
		{744C6DDC-9004-4FAC-8427-DF6CE7C189C9}.Release|Any CPU.ActiveCfg = Release|Any CPU
		{744C6DDC-9004-4FAC-8427-DF6CE7C189C9}.Release|Any CPU.Build.0 = Release|Any CPU
	EndGlobalSection
	GlobalSection(SolutionProperties) = preSolution
		HideSolutionNode = FALSE
	EndGlobalSection
	GlobalSection(ExtensibilityGlobals) = postSolution
		SolutionGuid = {BDCBD453-CEC4-4294-9855-CFBCE863AB5F}
	EndGlobalSection
EndGlobal
